
Microsoft Visual Studio Solution File, Format Version 12.00
# Visual Studio 14
VisualStudioVersion = 14.0.23107.0
MinimumVisualStudioVersion = 10.0.40219.1
Project("{FAE04EC0-301F-11D3-BF4B-00C04F79EFBC}") = "Laurent.Lee.CLB", "Laurent.Lee.CLB\Laurent.Lee.CLB.csproj", "{4A6708D3-4858-4513-B5E1-111A5880CBA5}"
EndProject
Project("{FAE04EC0-301F-11D3-BF4B-00C04F79EFBC}") = "Laurent.Lee.CLB.Ex", "Laurent.Lee.CLB.Ex\Laurent.Lee.CLB.Ex.csproj", "{6608B7AD-B627-4E6D-85D0-01D56D25EA9F}"
EndProject
Project("{FAE04EC0-301F-11D3-BF4B-00C04F79EFBC}") = "Laurent.Lee.WCF", "Laurent.Lee.WCF\Laurent.Lee.WCF.csproj", "{B0F96770-BC6C-462D-B50C-760ECF89A74A}"
EndProject
Project("{FAE04EC0-301F-11D3-BF4B-00C04F79EFBC}") = "Laurent.Lee.UTP", "Laurent.Lee.UTP\Laurent.Lee.UTP.csproj", "{13FFAB59-366C-4544-B50A-71FBEEC9F1D3}"
EndProject
Project("{FAE04EC0-301F-11D3-BF4B-00C04F79EFBC}") = "Laurent.Lee.CUTP", "Laurent.Lee.CUTP\Laurent.Lee.CUTP.csproj", "{C50291A1-770C-4523-8536-A7317612B2F8}"
EndProject
Project("{FAE04EC0-301F-11D3-BF4B-00C04F79EFBC}") = "Laurent.Lee.Report", "Laurent.Lee.Report\Laurent.Lee.Report.csproj", "{34CC0F15-3C7B-4218-ACAA-8DB81718EBFA}"
EndProject
Project("{00D1A9C2-B5F0-4AF3-8072-F6C62B433612}") = "Laurent.Lee.Database", "Laurent.Lee.Database\Laurent.Lee.Database.sqlproj", "{8489F181-BC43-418B-96F8-7C31CAD14DFD}"
EndProject
Project("{FAE04EC0-301F-11D3-BF4B-00C04F79EFBC}") = "Laurent.Lee.WLB", "Laurent.Lee.WLB\Laurent.Lee.WLB.csproj", "{615AD290-66CC-4D6C-A5E9-DC22A5E93FA3}"
EndProject
Project("{FAE04EC0-301F-11D3-BF4B-00C04F79EFBC}") = "Laurent.Lee.Application", "Laurent.Lee.Application\Laurent.Lee.Application.csproj", "{8D4331E9-A9F4-4769-93A1-47D68D892114}"
EndProject
Global
	GlobalSection(SolutionConfigurationPlatforms) = preSolution
		Debug|Any CPU = Debug|Any CPU
		Release|Any CPU = Release|Any CPU
	EndGlobalSection
	GlobalSection(ProjectConfigurationPlatforms) = postSolution
		{4A6708D3-4858-4513-B5E1-111A5880CBA5}.Debug|Any CPU.ActiveCfg = Debug|Any CPU
		{4A6708D3-4858-4513-B5E1-111A5880CBA5}.Debug|Any CPU.Build.0 = Debug|Any CPU
		{4A6708D3-4858-4513-B5E1-111A5880CBA5}.Release|Any CPU.ActiveCfg = Release|Any CPU
		{4A6708D3-4858-4513-B5E1-111A5880CBA5}.Release|Any CPU.Build.0 = Release|Any CPU
		{6608B7AD-B627-4E6D-85D0-01D56D25EA9F}.Debug|Any CPU.ActiveCfg = Debug|Any CPU
		{6608B7AD-B627-4E6D-85D0-01D56D25EA9F}.Debug|Any CPU.Build.0 = Debug|Any CPU
		{6608B7AD-B627-4E6D-85D0-01D56D25EA9F}.Release|Any CPU.ActiveCfg = Release|Any CPU
		{6608B7AD-B627-4E6D-85D0-01D56D25EA9F}.Release|Any CPU.Build.0 = Release|Any CPU
		{B0F96770-BC6C-462D-B50C-760ECF89A74A}.Debug|Any CPU.ActiveCfg = Debug|Any CPU
		{B0F96770-BC6C-462D-B50C-760ECF89A74A}.Debug|Any CPU.Build.0 = Debug|Any CPU
		{B0F96770-BC6C-462D-B50C-760ECF89A74A}.Release|Any CPU.ActiveCfg = Release|Any CPU
		{B0F96770-BC6C-462D-B50C-760ECF89A74A}.Release|Any CPU.Build.0 = Release|Any CPU
		{13FFAB59-366C-4544-B50A-71FBEEC9F1D3}.Debug|Any CPU.ActiveCfg = Debug|Any CPU
		{13FFAB59-366C-4544-B50A-71FBEEC9F1D3}.Debug|Any CPU.Build.0 = Debug|Any CPU
		{13FFAB59-366C-4544-B50A-71FBEEC9F1D3}.Release|Any CPU.ActiveCfg = Release|Any CPU
		{13FFAB59-366C-4544-B50A-71FBEEC9F1D3}.Release|Any CPU.Build.0 = Release|Any CPU
		{C50291A1-770C-4523-8536-A7317612B2F8}.Debug|Any CPU.ActiveCfg = Debug|Any CPU
		{C50291A1-770C-4523-8536-A7317612B2F8}.Debug|Any CPU.Build.0 = Debug|Any CPU
		{C50291A1-770C-4523-8536-A7317612B2F8}.Release|Any CPU.ActiveCfg = Release|Any CPU
		{C50291A1-770C-4523-8536-A7317612B2F8}.Release|Any CPU.Build.0 = Release|Any CPU
		{34CC0F15-3C7B-4218-ACAA-8DB81718EBFA}.Debug|Any CPU.ActiveCfg = Debug|Any CPU
		{34CC0F15-3C7B-4218-ACAA-8DB81718EBFA}.Debug|Any CPU.Build.0 = Debug|Any CPU
		{34CC0F15-3C7B-4218-ACAA-8DB81718EBFA}.Release|Any CPU.ActiveCfg = Release|Any CPU
		{34CC0F15-3C7B-4218-ACAA-8DB81718EBFA}.Release|Any CPU.Build.0 = Release|Any CPU
		{8489F181-BC43-418B-96F8-7C31CAD14DFD}.Debug|Any CPU.ActiveCfg = Debug|Any CPU
		{8489F181-BC43-418B-96F8-7C31CAD14DFD}.Debug|Any CPU.Build.0 = Debug|Any CPU
		{8489F181-BC43-418B-96F8-7C31CAD14DFD}.Debug|Any CPU.Deploy.0 = Debug|Any CPU
		{8489F181-BC43-418B-96F8-7C31CAD14DFD}.Release|Any CPU.ActiveCfg = Release|Any CPU
		{8489F181-BC43-418B-96F8-7C31CAD14DFD}.Release|Any CPU.Build.0 = Release|Any CPU
		{8489F181-BC43-418B-96F8-7C31CAD14DFD}.Release|Any CPU.Deploy.0 = Release|Any CPU
		{615AD290-66CC-4D6C-A5E9-DC22A5E93FA3}.Debug|Any CPU.ActiveCfg = Debug|Any CPU
		{615AD290-66CC-4D6C-A5E9-DC22A5E93FA3}.Debug|Any CPU.Build.0 = Debug|Any CPU
		{615AD290-66CC-4D6C-A5E9-DC22A5E93FA3}.Release|Any CPU.ActiveCfg = Release|Any CPU
		{615AD290-66CC-4D6C-A5E9-DC22A5E93FA3}.Release|Any CPU.Build.0 = Release|Any CPU
		{8D4331E9-A9F4-4769-93A1-47D68D892114}.Debug|Any CPU.ActiveCfg = Debug|Any CPU
		{8D4331E9-A9F4-4769-93A1-47D68D892114}.Debug|Any CPU.Build.0 = Debug|Any CPU
		{8D4331E9-A9F4-4769-93A1-47D68D892114}.Release|Any CPU.ActiveCfg = Release|Any CPU
		{8D4331E9-A9F4-4769-93A1-47D68D892114}.Release|Any CPU.Build.0 = Release|Any CPU
	EndGlobalSection
	GlobalSection(SolutionProperties) = preSolution
		HideSolutionNode = FALSE
	EndGlobalSection
EndGlobal
